
Microsoft Visual Studio Solution File, Format Version 12.00
# Visual Studio Version 17
VisualStudioVersion = 17.7.34221.43
MinimumVisualStudioVersion = 10.0.40219.1
Project("{FAE04EC0-301F-11D3-BF4B-00C04F79EFBC}") = "Trash_6", "Trash_6\Trash_6.csproj", "{8B916C1C-EE2B-4DC0-B451-7A6AA35048B1}"
EndProject
Global
	GlobalSection(SolutionConfigurationPlatforms) = preSolution
		Debug|Any CPU = Debug|Any CPU
		Release|Any CPU = Release|Any CPU
	EndGlobalSection
	GlobalSection(ProjectConfigurationPlatforms) = postSolution
		{8B916C1C-EE2B-4DC0-B451-7A6AA35048B1}.Debug|Any CPU.ActiveCfg = Debug|Any CPU
		{8B916C1C-EE2B-4DC0-B451-7A6AA35048B1}.Debug|Any CPU.Build.0 = Debug|Any CPU
		{8B916C1C-EE2B-4DC0-B451-7A6AA35048B1}.Release|Any CPU.ActiveCfg = Release|Any CPU
		{8B916C1C-EE2B-4DC0-B451-7A6AA35048B1}.Release|Any CPU.Build.0 = Release|Any CPU
	EndGlobalSection
	GlobalSection(SolutionProperties) = preSolution
		HideSolutionNode = FALSE
	EndGlobalSection
	GlobalSection(ExtensibilityGlobals) = postSolution
		SolutionGuid = {D3D6E5BF-F244-4D25-9B18-1CF32D3D2039}
	EndGlobalSection
EndGlobal
